# This file is automatically @generated by Cargo.
# It is not intended for manual editing.
[[package]]
name = "cc"
version = "0.1.0"
dependencies = [
 "peeking_take_while 0.1.2 (registry+https://github.com/rust-lang/crates.io-index)",
]

[[package]]
name = "peeking_take_while"
version = "0.1.2"
source = "registry+https://github.com/rust-lang/crates.io-index"

[metadata]
"checksum peeking_take_while 0.1.2 (registry+https://github.com/rust-lang/crates.io-index)" = "19b17cddbe7ec3f8bc800887bab5e717348c95ea2ca0b1bf0837fb964dc67099"
